
Microsoft Visual Studio Solution File, Format Version 12.00
# Visual Studio Version 17
VisualStudioVersion = 17.1.32228.430
MinimumVisualStudioVersion = 10.0.40219.1
Project("{FAE04EC0-301F-11D3-BF4B-00C04F79EFBC}") = "Lab01-01", "Lab01-01\Lab01-01.csproj", "{217704A7-7418-4983-99BF-A48612B62D7F}"
EndProject
Global
	GlobalSection(SolutionConfigurationPlatforms) = preSolution
		Debug|Any CPU = Debug|Any CPU
		Release|Any CPU = Release|Any CPU
	EndGlobalSection
	GlobalSection(ProjectConfigurationPlatforms) = postSolution
		{217704A7-7418-4983-99BF-A48612B62D7F}.Debug|Any CPU.ActiveCfg = Debug|Any CPU
		{217704A7-7418-4983-99BF-A48612B62D7F}.Debug|Any CPU.Build.0 = Debug|Any CPU
		{217704A7-7418-4983-99BF-A48612B62D7F}.Release|Any CPU.ActiveCfg = Release|Any CPU
		{217704A7-7418-4983-99BF-A48612B62D7F}.Release|Any CPU.Build.0 = Release|Any CPU
	EndGlobalSection
	GlobalSection(SolutionProperties) = preSolution
		HideSolutionNode = FALSE
	EndGlobalSection
	GlobalSection(ExtensibilityGlobals) = postSolution
		SolutionGuid = {D98ED821-3BBA-4BA5-A3C5-F890CEE0EF11}
	EndGlobalSection
EndGlobal
